
Microsoft Visual Studio Solution File, Format Version 12.00
Project("{FAE04EC0-301F-11D3-BF4B-00C04F79EFBC}") = "NullObjectGeneratorForNewerThan2022.2", "NullObjectGeneratorForNewerThan2022.2\NullObjectGeneratorForNewerThan2022.2.csproj", "{D4E4BDA4-A5F6-4954-8BF0-A6CEE79114BB}"
EndProject
Project("{FAE04EC0-301F-11D3-BF4B-00C04F79EFBC}") = "SandBox", "SandBox\SandBox.csproj", "{70CE4D29-A0CD-482A-A5EB-31DCC72D6DC8}"
EndProject
Global
	GlobalSection(SolutionConfigurationPlatforms) = preSolution
		Debug|Any CPU = Debug|Any CPU
		Release|Any CPU = Release|Any CPU
	EndGlobalSection
	GlobalSection(ProjectConfigurationPlatforms) = postSolution
		{D4E4BDA4-A5F6-4954-8BF0-A6CEE79114BB}.Debug|Any CPU.ActiveCfg = Debug|Any CPU
		{D4E4BDA4-A5F6-4954-8BF0-A6CEE79114BB}.Debug|Any CPU.Build.0 = Debug|Any CPU
		{D4E4BDA4-A5F6-4954-8BF0-A6CEE79114BB}.Release|Any CPU.ActiveCfg = Release|Any CPU
		{D4E4BDA4-A5F6-4954-8BF0-A6CEE79114BB}.Release|Any CPU.Build.0 = Release|Any CPU
		{70CE4D29-A0CD-482A-A5EB-31DCC72D6DC8}.Debug|Any CPU.ActiveCfg = Debug|Any CPU
		{70CE4D29-A0CD-482A-A5EB-31DCC72D6DC8}.Debug|Any CPU.Build.0 = Debug|Any CPU
		{70CE4D29-A0CD-482A-A5EB-31DCC72D6DC8}.Release|Any CPU.ActiveCfg = Release|Any CPU
		{70CE4D29-A0CD-482A-A5EB-31DCC72D6DC8}.Release|Any CPU.Build.0 = Release|Any CPU
	EndGlobalSection
EndGlobal
